
Microsoft Visual Studio Solution File, Format Version 12.00
# Visual Studio Version 16
VisualStudioVersion = 16.0.29926.136
MinimumVisualStudioVersion = 10.0.40219.1
Project("{FAE04EC0-301F-11D3-BF4B-00C04F79EFBC}") = "ArticleServices", "ArticleServices\ArticleServices.csproj", "{67AA4701-AD40-4777-94F8-E624F14B4616}"
EndProject
Global
	GlobalSection(SolutionConfigurationPlatforms) = preSolution
		Debug|Any CPU = Debug|Any CPU
		Release|Any CPU = Release|Any CPU
	EndGlobalSection
	GlobalSection(ProjectConfigurationPlatforms) = postSolution
		{67AA4701-AD40-4777-94F8-E624F14B4616}.Debug|Any CPU.ActiveCfg = Debug|Any CPU
		{67AA4701-AD40-4777-94F8-E624F14B4616}.Debug|Any CPU.Build.0 = Debug|Any CPU
		{67AA4701-AD40-4777-94F8-E624F14B4616}.Release|Any CPU.ActiveCfg = Release|Any CPU
		{67AA4701-AD40-4777-94F8-E624F14B4616}.Release|Any CPU.Build.0 = Release|Any CPU
	EndGlobalSection
	GlobalSection(SolutionProperties) = preSolution
		HideSolutionNode = FALSE
	EndGlobalSection
	GlobalSection(ExtensibilityGlobals) = postSolution
		SolutionGuid = {61F67DBE-91A6-40A7-9A8D-74AFDC4F000B}
	EndGlobalSection
EndGlobal
